
Microsoft Visual Studio Solution File, Format Version 11.00
# Visual Studio 2010
Project("{FAE04EC0-301F-11D3-BF4B-00C04F79EFBC}") = "Assembly-CSharp", "Assembly-CSharp.csproj", "{28416788-b100-29c1-d200-4036ebb47c89}"
EndProject
Project("{FAE04EC0-301F-11D3-BF4B-00C04F79EFBC}") = "Assembly-CSharp-firstpass", "Assembly-CSharp-firstpass.csproj", "{bf4effd3-273a-be1c-f560-35608c7dfcbf}"
EndProject
Project("{FAE04EC0-301F-11D3-BF4B-00C04F79EFBC}") = "Assembly-CSharp-Editor", "Assembly-CSharp-Editor.csproj", "{a4a5fafd-5f7c-ce49-4640-ffd814adc5d2}"
EndProject
Global
	GlobalSection(SolutionConfigurationPlatforms) = preSolution
		Debug|Any CPU = Debug|Any CPU
	EndGlobalSection
	GlobalSection(ProjectConfigurationPlatforms) = postSolution
		{28416788-b100-29c1-d200-4036ebb47c89}.Debug|Any CPU.ActiveCfg = Debug|Any CPU
		{28416788-b100-29c1-d200-4036ebb47c89}.Debug|Any CPU.Build.0 = Debug|Any CPU
		{bf4effd3-273a-be1c-f560-35608c7dfcbf}.Debug|Any CPU.ActiveCfg = Debug|Any CPU
		{bf4effd3-273a-be1c-f560-35608c7dfcbf}.Debug|Any CPU.Build.0 = Debug|Any CPU
		{a4a5fafd-5f7c-ce49-4640-ffd814adc5d2}.Debug|Any CPU.ActiveCfg = Debug|Any CPU
		{a4a5fafd-5f7c-ce49-4640-ffd814adc5d2}.Debug|Any CPU.Build.0 = Debug|Any CPU
	EndGlobalSection
	GlobalSection(SolutionProperties) = preSolution
		HideSolutionNode = FALSE
	EndGlobalSection
EndGlobal
