
Microsoft Visual Studio Solution File, Format Version 12.00
# Visual Studio for Mac
Project("{FAE04EC0-301F-11D3-BF4B-00C04F79EFBC}") = "Assembly-CSharp", "Assembly-CSharp.csproj", "{88674128-00B1-C129-D200-4036EBB47C89}"
EndProject
Project("{FAE04EC0-301F-11D3-BF4B-00C04F79EFBC}") = "Assembly-CSharp-Editor", "Assembly-CSharp-Editor.csproj", "{FDFAA5A4-7C5F-49CE-4640-FFD814ADC5D2}"
EndProject
Global
	GlobalSection(SolutionConfigurationPlatforms) = preSolution
		Debug|Any CPU = Debug|Any CPU
		Release|Any CPU = Release|Any CPU
	EndGlobalSection
	GlobalSection(ProjectConfigurationPlatforms) = postSolution
		{88674128-00B1-C129-D200-4036EBB47C89}.Debug|Any CPU.ActiveCfg = Debug|Any CPU
		{88674128-00B1-C129-D200-4036EBB47C89}.Debug|Any CPU.Build.0 = Debug|Any CPU
		{88674128-00B1-C129-D200-4036EBB47C89}.Release|Any CPU.ActiveCfg = Release|Any CPU
		{88674128-00B1-C129-D200-4036EBB47C89}.Release|Any CPU.Build.0 = Release|Any CPU
		{FDFAA5A4-7C5F-49CE-4640-FFD814ADC5D2}.Debug|Any CPU.ActiveCfg = Debug|Any CPU
		{FDFAA5A4-7C5F-49CE-4640-FFD814ADC5D2}.Debug|Any CPU.Build.0 = Debug|Any CPU
		{FDFAA5A4-7C5F-49CE-4640-FFD814ADC5D2}.Release|Any CPU.ActiveCfg = Release|Any CPU
		{FDFAA5A4-7C5F-49CE-4640-FFD814ADC5D2}.Release|Any CPU.Build.0 = Release|Any CPU
	EndGlobalSection
	GlobalSection(SolutionProperties) = preSolution
		HideSolutionNode = FALSE
	EndGlobalSection
EndGlobal
